
Microsoft Visual Studio Solution File, Format Version 12.00
# Visual Studio Version 17
VisualStudioVersion = 17.0.31903.59
MinimumVisualStudioVersion = 10.0.40219.1
Project("{2150E333-8FDC-42A3-9474-1A3956D46DE8}") = "src", "src", "{286F26F7-917D-40E5-B0EB-D9345CC5508A}"
EndProject
Project("{FAE04EC0-301F-11D3-BF4B-00C04F79EFBC}") = "LeetCode", "src\LeetCode\LeetCode.csproj", "{2340C75D-9058-456B-BCD7-98F96E16C1B0}"
EndProject
Project("{FAE04EC0-301F-11D3-BF4B-00C04F79EFBC}") = "NowCoder", "src\NowCoder\NowCoder.csproj", "{3C128378-0177-4DAB-9153-DC18ADF2D106}"
EndProject
Project("{2150E333-8FDC-42A3-9474-1A3956D46DE8}") = "test", "test", "{D906F236-A4A3-4B82-BAEA-D431F0B0BB19}"
EndProject
Project("{FAE04EC0-301F-11D3-BF4B-00C04F79EFBC}") = "LeetCodeTest", "test\LeetCodeTest\LeetCodeTest.csproj", "{47D17CB8-BC17-4F1A-8E2C-5167A44CE1BD}"
EndProject
Project("{FAE04EC0-301F-11D3-BF4B-00C04F79EFBC}") = "NowCoderTest", "test\NowCoderTest\NowCoderTest.csproj", "{351D825B-3080-4228-A2F6-4CDEDE9C4FD4}"
EndProject
Project("{FAE04EC0-301F-11D3-BF4B-00C04F79EFBC}") = "Common", "src\Common\Common.csproj", "{B476F2CE-5B94-45C0-B2EF-C852417D6021}"
EndProject
Global
	GlobalSection(SolutionConfigurationPlatforms) = preSolution
		Debug|Any CPU = Debug|Any CPU
		Release|Any CPU = Release|Any CPU
	EndGlobalSection
	GlobalSection(SolutionProperties) = preSolution
		HideSolutionNode = FALSE
	EndGlobalSection
	GlobalSection(ProjectConfigurationPlatforms) = postSolution
		{2340C75D-9058-456B-BCD7-98F96E16C1B0}.Debug|Any CPU.ActiveCfg = Debug|Any CPU
		{2340C75D-9058-456B-BCD7-98F96E16C1B0}.Debug|Any CPU.Build.0 = Debug|Any CPU
		{2340C75D-9058-456B-BCD7-98F96E16C1B0}.Release|Any CPU.ActiveCfg = Release|Any CPU
		{2340C75D-9058-456B-BCD7-98F96E16C1B0}.Release|Any CPU.Build.0 = Release|Any CPU
		{3C128378-0177-4DAB-9153-DC18ADF2D106}.Debug|Any CPU.ActiveCfg = Debug|Any CPU
		{3C128378-0177-4DAB-9153-DC18ADF2D106}.Debug|Any CPU.Build.0 = Debug|Any CPU
		{3C128378-0177-4DAB-9153-DC18ADF2D106}.Release|Any CPU.ActiveCfg = Release|Any CPU
		{3C128378-0177-4DAB-9153-DC18ADF2D106}.Release|Any CPU.Build.0 = Release|Any CPU
		{47D17CB8-BC17-4F1A-8E2C-5167A44CE1BD}.Debug|Any CPU.ActiveCfg = Debug|Any CPU
		{47D17CB8-BC17-4F1A-8E2C-5167A44CE1BD}.Debug|Any CPU.Build.0 = Debug|Any CPU
		{47D17CB8-BC17-4F1A-8E2C-5167A44CE1BD}.Release|Any CPU.ActiveCfg = Release|Any CPU
		{47D17CB8-BC17-4F1A-8E2C-5167A44CE1BD}.Release|Any CPU.Build.0 = Release|Any CPU
		{351D825B-3080-4228-A2F6-4CDEDE9C4FD4}.Debug|Any CPU.ActiveCfg = Debug|Any CPU
		{351D825B-3080-4228-A2F6-4CDEDE9C4FD4}.Debug|Any CPU.Build.0 = Debug|Any CPU
		{351D825B-3080-4228-A2F6-4CDEDE9C4FD4}.Release|Any CPU.ActiveCfg = Release|Any CPU
		{351D825B-3080-4228-A2F6-4CDEDE9C4FD4}.Release|Any CPU.Build.0 = Release|Any CPU
		{B476F2CE-5B94-45C0-B2EF-C852417D6021}.Debug|Any CPU.ActiveCfg = Debug|Any CPU
		{B476F2CE-5B94-45C0-B2EF-C852417D6021}.Debug|Any CPU.Build.0 = Debug|Any CPU
		{B476F2CE-5B94-45C0-B2EF-C852417D6021}.Release|Any CPU.ActiveCfg = Release|Any CPU
		{B476F2CE-5B94-45C0-B2EF-C852417D6021}.Release|Any CPU.Build.0 = Release|Any CPU
	EndGlobalSection
	GlobalSection(NestedProjects) = preSolution
		{2340C75D-9058-456B-BCD7-98F96E16C1B0} = {286F26F7-917D-40E5-B0EB-D9345CC5508A}
		{3C128378-0177-4DAB-9153-DC18ADF2D106} = {286F26F7-917D-40E5-B0EB-D9345CC5508A}
		{47D17CB8-BC17-4F1A-8E2C-5167A44CE1BD} = {D906F236-A4A3-4B82-BAEA-D431F0B0BB19}
		{351D825B-3080-4228-A2F6-4CDEDE9C4FD4} = {D906F236-A4A3-4B82-BAEA-D431F0B0BB19}
		{B476F2CE-5B94-45C0-B2EF-C852417D6021} = {286F26F7-917D-40E5-B0EB-D9345CC5508A}
	EndGlobalSection
EndGlobal
